github.com/adam-hanna/arrayOperations v0.2.5/go.mod h1:PhqKQzzPMRjFcC4Heh+kxha3nMvJ6lQNKuVEgoyimgU=
github.com/adam-hanna/arrayOperations v0.2.6 h1:QZC99xC8MgUawXnav7bFMejs/dm7YySnDpMx3oZzz2Y=
github.com/adam-hanna/arrayOperations v0.2.6/go.mod h1:iIzkSjP91FnE66cUFNAjjUJVmjyAwCH0SXnWsx2nbdk=
github.com/bankole7782/codium v1.2.3 h1:6o7RJGTyUYHcxAK1/5BXoGcDqim74o0I9DJqnkgKA+Q=
github.com/bankole7782/codium v1.2.3/go.mod h1:UTy9H3JWy/G2eFLFuy+oo1nGWFoDISKwr2ZSwc7W918=
github.com/bankole7782/mof v0.0.0-20200317202416-46aa3f7786db/go.mod h1:jh9v/sFA9YDydJIpADTYnKFjshE3a2ywtPfPkxocqDQ=
github.com/gorilla/mux v1.7.4 h1:VuZ8uybHlWmqV03+zRzdwKL4tUnIp1MAQtp1mIFE1bc=
github.com/gorilla/mux v1.7.4/go.mod h1:DVbg23sWSpFRCP0SfiEN6jmj59UnW/n46BH5rLB71So=
github.com/otiai10/copy v1.1.1/go.mod h1:rrF5dJ5F0t/EWSYODDu4j9/vEeYHMkc8jt0zJChqQWw=
github.com/otiai10/curr v0.0.0-20150429015615-9b4961190c95/go.mod h1:9qAhocn7zKJG+0mI8eUu6xqkFDYS2kb2saOteoSB3cE=
github.com/otiai10/curr v1.0.0/go.mod h1:LskTG5wDwr8Rs+nNQ+1LlxRjAtTZZjtJW4rMXl6j4vs=
github.com/otiai10/mint v1.3.0/go.mod h1:F5AjcsTsWUqX+Na9fpHb52P8pcRX2CI6A3ctIT91xUo=
github.com/otiai10/mint v1.3.1/go.mod h1:/yxELlJQ0ufhjUwhshSj+wFjZ78CnZ48/1wtmBH1OTc=
github.com/pkg/errors v0.9.1 h1:FEBLx1zS214owpjy7qsBeixbURkuhQAwrK5UwLGTwt4=
github.com/pkg/errors v0.9.1/go.mod h1:bwawxfHBFNV+L2hUp1rHADufV3IMtnDRdf1r5NINEl0=
github.com/shirou/gopsutil v2.20.1+incompatible/go.mod h1:5b4v6he4MtMOwMlS0TUMTu2PcXUg8+E1lC7eC3UO/RA=
golang.org/x/sys v0.0.0-20200217220822-9197077df867/go.mod h1:h1NjWce9XRLGQEsW7wpKNCjG9DtNlClVuFLEZdDNbEs=
